# THIS IS AN AUTOGENERATED FILE. DO NOT EDIT THIS FILE DIRECTLY.
# yarn lockfile v1


chaincodec-sdk@^0.1.2:
  version "0.1.2"
  resolved "https://registry.yarnpkg.com/chaincodec-sdk/-/chaincodec-sdk-0.1.2.tgz#b9ea9a3ddbaec3caba62ebafef91d2e4960dbfc4"
  integrity sha512-BaM6LMEfAYAfpFb5Mh6n3PPg0WMJqOMcrYEUVjAmKzbCh1A5+ULhBFtYmVJTC5LKFSWAmLiVEPVCOU+6jXxzlQ==

typescript@^5.6.3:
  version "5.9.3"
  resolved "https://registry.yarnpkg.com/typescript/-/typescript-5.9.3.tgz#5b4f59e15310ab17a216f5d6cf53ee476ede670f"
  integrity sha512-jl1vZzPDinLr9eUt3J/t7V6FgNEw9QjvBPdysz9KfQDD41fQrC2Y4vKQdiaUpFT4bXlb1RHhLpp8wtm6M5TgSw==
